
Microsoft Visual Studio Solution File, Format Version 12.00
# Visual Studio Version 16
VisualStudioVersion = 16.0.30503.244
MinimumVisualStudioVersion = 10.0.40219.1
Project("{FAE04EC0-301F-11D3-BF4B-00C04F79EFBC}") = "Server", "Client\Server.csproj", "{084112F6-823C-4AD5-BBF2-8630368A5039}"
EndProject
Project("{FAE04EC0-301F-11D3-BF4B-00C04F79EFBC}") = "WpfClient", "WpfClient\WpfClient.csproj", "{EA7CE9C1-5CA4-4EB6-84AF-D9CD01912A2E}"
EndProject
Global
	GlobalSection(SolutionConfigurationPlatforms) = preSolution
		Debug|Any CPU = Debug|Any CPU
		Release|Any CPU = Release|Any CPU
	EndGlobalSection
	GlobalSection(ProjectConfigurationPlatforms) = postSolution
		{084112F6-823C-4AD5-BBF2-8630368A5039}.Debug|Any CPU.ActiveCfg = Debug|Any CPU
		{084112F6-823C-4AD5-BBF2-8630368A5039}.Debug|Any CPU.Build.0 = Debug|Any CPU
		{084112F6-823C-4AD5-BBF2-8630368A5039}.Release|Any CPU.ActiveCfg = Release|Any CPU
		{084112F6-823C-4AD5-BBF2-8630368A5039}.Release|Any CPU.Build.0 = Release|Any CPU
		{EA7CE9C1-5CA4-4EB6-84AF-D9CD01912A2E}.Debug|Any CPU.ActiveCfg = Debug|Any CPU
		{EA7CE9C1-5CA4-4EB6-84AF-D9CD01912A2E}.Debug|Any CPU.Build.0 = Debug|Any CPU
		{EA7CE9C1-5CA4-4EB6-84AF-D9CD01912A2E}.Release|Any CPU.ActiveCfg = Release|Any CPU
		{EA7CE9C1-5CA4-4EB6-84AF-D9CD01912A2E}.Release|Any CPU.Build.0 = Release|Any CPU
	EndGlobalSection
	GlobalSection(SolutionProperties) = preSolution
		HideSolutionNode = FALSE
	EndGlobalSection
	GlobalSection(ExtensibilityGlobals) = postSolution
		SolutionGuid = {F42069AE-DE23-4CFE-8278-9A0EB9E00387}
	EndGlobalSection
EndGlobal
