
Microsoft Visual Studio Solution File, Format Version 12.00
# Visual Studio Version 16
VisualStudioVersion = 16.0.30413.136
MinimumVisualStudioVersion = 10.0.40219.1
Project("{9A19103F-16F7-4668-BE54-9A1E7A4F7556}") = "Server", "Client\Server.csproj", "{084112F6-823C-4AD5-BBF2-8630368A5039}"
EndProject
Project("{9A19103F-16F7-4668-BE54-9A1E7A4F7556}") = "WpfClient", "WpfClient\WpfClient.csproj", "{EA7CE9C1-5CA4-4EB6-84AF-D9CD01912A2E}"
EndProject
Project("{D954291E-2A0B-460D-934E-DC6B0785DB48}") = "SharedNetworking", "SharedNetworking\SharedNetworking.shproj", "{A2EAF6B3-9AB3-4155-B0EA-8BD0F7AE1DD0}"
EndProject
Project("{D954291E-2A0B-460D-934E-DC6B0785DB48}") = "SharedSkribbl", "SharedSkribbl\SharedSkribbl.shproj", "{5DB30C1E-D9A7-4113-B095-3C993B6BF0A4}"
EndProject
Project("{9A19103F-16F7-4668-BE54-9A1E7A4F7556}") = "ServerTests", "ServerTests\ServerTests.csproj", "{E586F2A2-B476-4A30-98E8-BAD203EBCFF1}"
EndProject
Project("{9A19103F-16F7-4668-BE54-9A1E7A4F7556}") = "WPFClientDummy", "WPFClientDummy\WPFClientDummy.csproj", "{9FB6AFCA-1D5D-468D-9254-A86265913A46}"
EndProject
Global
	GlobalSection(SharedMSBuildProjectFiles) = preSolution
		SharedNetworking\SharedNetworking.projitems*{084112f6-823c-4ad5-bbf2-8630368a5039}*SharedItemsImports = 5
		SharedSkribbl\SharedSkribbl.projitems*{084112f6-823c-4ad5-bbf2-8630368a5039}*SharedItemsImports = 5
		SharedSkribbl\SharedSkribbl.projitems*{5db30c1e-d9a7-4113-b095-3c993b6bf0a4}*SharedItemsImports = 13
		SharedNetworking\SharedNetworking.projitems*{a2eaf6b3-9ab3-4155-b0ea-8bd0f7ae1dd0}*SharedItemsImports = 13
		SharedNetworking\SharedNetworking.projitems*{e586f2a2-b476-4a30-98e8-bad203ebcff1}*SharedItemsImports = 5
		SharedNetworking\SharedNetworking.projitems*{ea7ce9c1-5ca4-4eb6-84af-d9cd01912a2e}*SharedItemsImports = 5
		SharedSkribbl\SharedSkribbl.projitems*{ea7ce9c1-5ca4-4eb6-84af-d9cd01912a2e}*SharedItemsImports = 5
	EndGlobalSection
	GlobalSection(SolutionConfigurationPlatforms) = preSolution
		Debug|Any CPU = Debug|Any CPU
		Release|Any CPU = Release|Any CPU
	EndGlobalSection
	GlobalSection(ProjectConfigurationPlatforms) = postSolution
		{084112F6-823C-4AD5-BBF2-8630368A5039}.Debug|Any CPU.ActiveCfg = Debug|Any CPU
		{084112F6-823C-4AD5-BBF2-8630368A5039}.Debug|Any CPU.Build.0 = Debug|Any CPU
		{084112F6-823C-4AD5-BBF2-8630368A5039}.Release|Any CPU.ActiveCfg = Release|Any CPU
		{084112F6-823C-4AD5-BBF2-8630368A5039}.Release|Any CPU.Build.0 = Release|Any CPU
		{EA7CE9C1-5CA4-4EB6-84AF-D9CD01912A2E}.Debug|Any CPU.ActiveCfg = Debug|Any CPU
		{EA7CE9C1-5CA4-4EB6-84AF-D9CD01912A2E}.Debug|Any CPU.Build.0 = Debug|Any CPU
		{EA7CE9C1-5CA4-4EB6-84AF-D9CD01912A2E}.Release|Any CPU.ActiveCfg = Release|Any CPU
		{EA7CE9C1-5CA4-4EB6-84AF-D9CD01912A2E}.Release|Any CPU.Build.0 = Release|Any CPU
		{E586F2A2-B476-4A30-98E8-BAD203EBCFF1}.Debug|Any CPU.ActiveCfg = Debug|Any CPU
		{E586F2A2-B476-4A30-98E8-BAD203EBCFF1}.Debug|Any CPU.Build.0 = Debug|Any CPU
		{E586F2A2-B476-4A30-98E8-BAD203EBCFF1}.Release|Any CPU.ActiveCfg = Release|Any CPU
		{E586F2A2-B476-4A30-98E8-BAD203EBCFF1}.Release|Any CPU.Build.0 = Release|Any CPU
		{9FB6AFCA-1D5D-468D-9254-A86265913A46}.Debug|Any CPU.ActiveCfg = Debug|Any CPU
		{9FB6AFCA-1D5D-468D-9254-A86265913A46}.Release|Any CPU.ActiveCfg = Release|Any CPU
		{9FB6AFCA-1D5D-468D-9254-A86265913A46}.Release|Any CPU.Build.0 = Release|Any CPU
	EndGlobalSection
	GlobalSection(SolutionProperties) = preSolution
		HideSolutionNode = FALSE
	EndGlobalSection
	GlobalSection(ExtensibilityGlobals) = postSolution
		SolutionGuid = {F42069AE-DE23-4CFE-8278-9A0EB9E00387}
	EndGlobalSection
EndGlobal
